
Microsoft Visual Studio Solution File, Format Version 12.00
# Visual Studio 14
VisualStudioVersion = 14.0.24720.0
MinimumVisualStudioVersion = 10.0.40219.1
Project("{FAE04EC0-301F-11D3-BF4B-00C04F79EFBC}") = "Seecool.VideoAR", "Seecool.VideoAR\Seecool.VideoAR.csproj", "{D70AE158-459D-4140-898D-A931E187C2F9}"
EndProject
Project("{FAE04EC0-301F-11D3-BF4B-00C04F79EFBC}") = "VideoARTest", "VideoARTest\VideoARTest.csproj", "{C3430F8A-30CD-481B-BA55-59C274669AF7}"
EndProject
Project("{FAE04EC0-301F-11D3-BF4B-00C04F79EFBC}") = "VideoARDemo", "VideoARDemo\VideoARDemo.csproj", "{501D310A-C78D-4F94-9576-B907BBB8A2F8}"
EndProject
Global
	GlobalSection(SolutionConfigurationPlatforms) = preSolution
		Debug|Any CPU = Debug|Any CPU
		Release|Any CPU = Release|Any CPU
	EndGlobalSection
	GlobalSection(ProjectConfigurationPlatforms) = postSolution
		{D70AE158-459D-4140-898D-A931E187C2F9}.Debug|Any CPU.ActiveCfg = Debug|Any CPU
		{D70AE158-459D-4140-898D-A931E187C2F9}.Debug|Any CPU.Build.0 = Debug|Any CPU
		{D70AE158-459D-4140-898D-A931E187C2F9}.Release|Any CPU.ActiveCfg = Release|Any CPU
		{D70AE158-459D-4140-898D-A931E187C2F9}.Release|Any CPU.Build.0 = Release|Any CPU
		{C3430F8A-30CD-481B-BA55-59C274669AF7}.Debug|Any CPU.ActiveCfg = Debug|Any CPU
		{C3430F8A-30CD-481B-BA55-59C274669AF7}.Debug|Any CPU.Build.0 = Debug|Any CPU
		{C3430F8A-30CD-481B-BA55-59C274669AF7}.Release|Any CPU.ActiveCfg = Release|Any CPU
		{C3430F8A-30CD-481B-BA55-59C274669AF7}.Release|Any CPU.Build.0 = Release|Any CPU
		{501D310A-C78D-4F94-9576-B907BBB8A2F8}.Debug|Any CPU.ActiveCfg = Debug|Any CPU
		{501D310A-C78D-4F94-9576-B907BBB8A2F8}.Debug|Any CPU.Build.0 = Debug|Any CPU
		{501D310A-C78D-4F94-9576-B907BBB8A2F8}.Release|Any CPU.ActiveCfg = Release|Any CPU
		{501D310A-C78D-4F94-9576-B907BBB8A2F8}.Release|Any CPU.Build.0 = Release|Any CPU
	EndGlobalSection
	GlobalSection(SolutionProperties) = preSolution
		HideSolutionNode = FALSE
	EndGlobalSection
EndGlobal
